{
  "name": "web-view",
  "version": "1.0.0",
  "lockfileVersion": 3,
  "requires": true,
  "packages": {
    "": {
      "name": "web-view",
      "version": "1.0.0",
      "dependencies": {
        "@lynx-js/web-core": "^0.7.1",
        "@lynx-js/web-elements": "^0.3.0",
<<<<<<<< HEAD:web-view/package-lock.json
        "react": "^19.0.0",
        "react-dom": "^19.0.0"
========
        "concurrently": "^9.1.2"
>>>>>>>> a9ccb5079f2da1e4b8f54617db239ac4d74f35b5:web/package-lock.json
      },
      "devDependencies": {
        "@rsbuild/core": "^1.2.14",
        "@rsbuild/plugin-react": "^1.1.1",
<<<<<<<< HEAD:web-view/package-lock.json
        "@types/node": "^22.13.10",
        "@types/react": "^19.0.10",
        "@types/react-dom": "^19.0.4",
========
>>>>>>>> a9ccb5079f2da1e4b8f54617db239ac4d74f35b5:web/package-lock.json
        "typescript": "^5.8.2"
      }
    },
    "node_modules/@lynx-js/lynx-core": {
      "version": "0.1.0",
      "resolved": "https://registry.npmjs.org/@lynx-js/lynx-core/-/lynx-core-0.1.0.tgz",
      "integrity": "sha512-bUYAJNU3/k0ep1kyhP3wolgyD9kulmzWGGU6z4wg+bNfShSqpATZmFPqZYy425cqXhkEdn+apEF02f6uHNjcGA==",
      "license": "Apache-2.0",
      "peer": true
    },
    "node_modules/@lynx-js/web-constants": {
      "version": "0.7.1",
      "resolved": "https://registry.npmjs.org/@lynx-js/web-constants/-/web-constants-0.7.1.tgz",
      "integrity": "sha512-W8JmHKBwb2BGNnY8ZJBLKbKqP6cd9oUbo6ElezwFUuznDcIasxf43HSccSBpHxwghD1sdF5WrP1PFF5giIBazg==",
      "license": "Apache-2.0",
      "dependencies": {
        "@lynx-js/web-worker-rpc": "0.7.1"
      }
    },
    "node_modules/@lynx-js/web-core": {
      "version": "0.7.1",
      "resolved": "https://registry.npmjs.org/@lynx-js/web-core/-/web-core-0.7.1.tgz",
      "integrity": "sha512-Vn6rmp0EWetm2mQMThcs9yQFRd1SxPy3+AmaapgYQLS+RIfRlQqHQmQBxWIJlUGCcq9iLFM03xw0H/YVYN3kHg==",
      "license": "Apache-2.0",
      "dependencies": {
        "@lynx-js/web-constants": "0.7.1",
        "@lynx-js/web-worker-rpc": "0.7.1",
        "@lynx-js/web-worker-runtime": "0.7.1"
      },
      "peerDependencies": {
        "@lynx-js/lynx-core": "0.1.0",
        "@lynx-js/web-elements": ">=0.1.0"
      }
    },
    "node_modules/@lynx-js/web-elements": {
      "version": "0.3.0",
      "resolved": "https://registry.npmjs.org/@lynx-js/web-elements/-/web-elements-0.3.0.tgz",
      "integrity": "sha512-xXjSPwispSeFPmzWi+z7acZhLyDvI2hNRY8V/xXFYG9gLciXwKCzp+aXlWmAbdcAGEzM8gGNVw2/lznCsDJsTQ==",
      "license": "Apache-2.0",
      "dependencies": {
        "@lynx-js/web-elements-reactive": "0.1.1"
      },
      "peerDependencies": {
        "tslib": "^2.5.0"
      }
    },
    "node_modules/@lynx-js/web-elements-reactive": {
      "version": "0.1.1",
      "resolved": "https://registry.npmjs.org/@lynx-js/web-elements-reactive/-/web-elements-reactive-0.1.1.tgz",
      "integrity": "sha512-uKEaFOSj54RK1iXvrAbMNyfpZsbo7qVwP2UzABOhgaIo6aGaMdxCjURJlJ+4FeMMsrOtetrehhm08EPcqVQVRw==",
      "license": "Apache-2.0"
    },
    "node_modules/@lynx-js/web-mainthread-apis": {
      "version": "0.7.1",
      "resolved": "https://registry.npmjs.org/@lynx-js/web-mainthread-apis/-/web-mainthread-apis-0.7.1.tgz",
      "integrity": "sha512-xeBYM8DoVCiAN70gsq4EQs4all++zdkIWSflIkbJHMdiCWNWFeb+UNBjDLTYBfP4NwNZosnKhLArofMSne85cw==",
      "license": "Apache-2.0",
      "dependencies": {
        "@lynx-js/web-constants": "0.7.1",
        "@lynx-js/web-style-transformer": "0.2.2",
        "css-tree": "^3.1.0",
        "hyphenate-style-name": "^1.1.0"
      }
    },
    "node_modules/@lynx-js/web-style-transformer": {
      "version": "0.2.2",
      "resolved": "https://registry.npmjs.org/@lynx-js/web-style-transformer/-/web-style-transformer-0.2.2.tgz",
      "integrity": "sha512-b/6HCg7pHzmBapr4FFZqzchZwyw9kfjCOuwKFJZp2Xn4ABCUHEbPfBfO3EPEO+mm1CjiN48/YcXG1IxHME7b7w==",
      "license": "Apache-2.0"
    },
    "node_modules/@lynx-js/web-worker-rpc": {
      "version": "0.7.1",
      "resolved": "https://registry.npmjs.org/@lynx-js/web-worker-rpc/-/web-worker-rpc-0.7.1.tgz",
      "integrity": "sha512-5aKeVfElE+duqBFWiOaiBBZiC2B7aTDJI88jY7ROrikD5suftmANbMRme8YC46UmJBOo2a5SyLaoZcW54SjL5Q==",
      "license": "Apache-2.0"
    },
    "node_modules/@lynx-js/web-worker-runtime": {
      "version": "0.7.1",
      "resolved": "https://registry.npmjs.org/@lynx-js/web-worker-runtime/-/web-worker-runtime-0.7.1.tgz",
      "integrity": "sha512-zqxmqBb77E54VHTo92wMmenRyqIuM9mUON8F+sJKPq0eBa8F2GG4y/fewaXvFU+6pfQUMawGU8wsAUqEiTJwrA==",
      "license": "Apache-2.0",
      "dependencies": {
        "@lynx-js/web-constants": "0.7.1",
        "@lynx-js/web-mainthread-apis": "0.7.1",
        "@lynx-js/web-worker-rpc": "0.7.1"
      },
      "peerDependencies": {
        "@lynx-js/lynx-core": "0.1.0"
      }
    },
    "node_modules/@module-federation/error-codes": {
      "version": "0.8.4",
      "resolved": "https://registry.npmjs.org/@module-federation/error-codes/-/error-codes-0.8.4.tgz",
      "integrity": "sha512-55LYmrDdKb4jt+qr8qE8U3al62ZANp3FhfVaNPOaAmdTh0jHdD8M3yf5HKFlr5xVkVO4eV/F/J2NCfpbh+pEXQ==",
      "dev": true,
      "license": "MIT"
    },
    "node_modules/@module-federation/runtime": {
      "version": "0.8.4",
      "resolved": "https://registry.npmjs.org/@module-federation/runtime/-/runtime-0.8.4.tgz",
      "integrity": "sha512-yZeZ7z2Rx4gv/0E97oLTF3V6N25vglmwXGgoeju/W2YjsFvWzVtCDI7zRRb0mJhU6+jmSM8jP1DeQGbea/AiZQ==",
      "dev": true,
      "license": "MIT",
      "dependencies": {
        "@module-federation/error-codes": "0.8.4",
        "@module-federation/sdk": "0.8.4"
      }
    },
    "node_modules/@module-federation/runtime-tools": {
      "version": "0.8.4",
      "resolved": "https://registry.npmjs.org/@module-federation/runtime-tools/-/runtime-tools-0.8.4.tgz",
      "integrity": "sha512-fjVOsItJ1u5YY6E9FnS56UDwZgqEQUrWFnouRiPtK123LUuqUI9FH4redZoKWlE1PB0ir1Z3tnqy8eFYzPO38Q==",
      "dev": true,
      "license": "MIT",
      "dependencies": {
        "@module-federation/runtime": "0.8.4",
        "@module-federation/webpack-bundler-runtime": "0.8.4"
      }
    },
    "node_modules/@module-federation/sdk": {
      "version": "0.8.4",
      "resolved": "https://registry.npmjs.org/@module-federation/sdk/-/sdk-0.8.4.tgz",
      "integrity": "sha512-waABomIjg/5m1rPDBWYG4KUhS5r7OUUY7S+avpaVIY/tkPWB3ibRDKy2dNLLAMaLKq0u+B1qIdEp4NIWkqhqpg==",
      "dev": true,
      "license": "MIT",
      "dependencies": {
        "isomorphic-rslog": "0.0.6"
      }
    },
    "node_modules/@module-federation/webpack-bundler-runtime": {
      "version": "0.8.4",
      "resolved": "https://registry.npmjs.org/@module-federation/webpack-bundler-runtime/-/webpack-bundler-runtime-0.8.4.tgz",
      "integrity": "sha512-HggROJhvHPUX7uqBD/XlajGygMNM1DG0+4OAkk8MBQe4a18QzrRNzZt6XQbRTSG4OaEoyRWhQHvYD3Yps405tQ==",
      "dev": true,
      "license": "MIT",
      "dependencies": {
        "@module-federation/runtime": "0.8.4",
        "@module-federation/sdk": "0.8.4"
      }
    },
    "node_modules/@rsbuild/core": {
      "version": "1.2.16",
      "resolved": "https://registry.npmjs.org/@rsbuild/core/-/core-1.2.16.tgz",
      "integrity": "sha512-LxiZUTKhg3ZHFIeZkDmrOG8pWn/lny4vx0AqtSxovWPDnFHgYeuL45rAGDfkrx4TuGwwDN3qJgbetPRSYA8cWw==",
      "dev": true,
      "license": "MIT",
      "dependencies": {
        "@rspack/core": "1.2.7",
        "@rspack/lite-tapable": "~1.0.1",
        "@swc/helpers": "^0.5.15",
        "core-js": "~3.41.0",
        "jiti": "^2.4.2"
      },
      "bin": {
        "rsbuild": "bin/rsbuild.js"
      },
      "engines": {
        "node": ">=16.7.0"
      }
    },
    "node_modules/@rsbuild/plugin-react": {
      "version": "1.1.1",
      "resolved": "https://registry.npmjs.org/@rsbuild/plugin-react/-/plugin-react-1.1.1.tgz",
      "integrity": "sha512-gkATKrOQauXMMtrYA5jbTQkhmYTE0VXoknPLtVpiXtwDbBUwgX23LFf1XJ51YOwqYpP7g5SfPEMgD2FENtCq0A==",
      "dev": true,
      "license": "MIT",
      "dependencies": {
        "@rspack/plugin-react-refresh": "~1.0.1",
        "react-refresh": "^0.16.0"
      },
      "peerDependencies": {
        "@rsbuild/core": "1.x"
      }
    },
    "node_modules/@rspack/binding": {
      "version": "1.2.7",
      "resolved": "https://registry.npmjs.org/@rspack/binding/-/binding-1.2.7.tgz",
      "integrity": "sha512-QH+kxkG0I9C6lmlwgBUDFsy24ihXMGG5lfiNtQilk4CyBN+AgSWFENcYrnkUaBioZAvMBznQLiccV3X0JeH9iQ==",
      "dev": true,
      "license": "MIT",
      "optionalDependencies": {
        "@rspack/binding-darwin-arm64": "1.2.7",
        "@rspack/binding-darwin-x64": "1.2.7",
        "@rspack/binding-linux-arm64-gnu": "1.2.7",
        "@rspack/binding-linux-arm64-musl": "1.2.7",
        "@rspack/binding-linux-x64-gnu": "1.2.7",
        "@rspack/binding-linux-x64-musl": "1.2.7",
        "@rspack/binding-win32-arm64-msvc": "1.2.7",
        "@rspack/binding-win32-ia32-msvc": "1.2.7",
        "@rspack/binding-win32-x64-msvc": "1.2.7"
      }
    },
    "node_modules/@rspack/binding-darwin-arm64": {
      "version": "1.2.7",
      "resolved": "https://registry.npmjs.org/@rspack/binding-darwin-arm64/-/binding-darwin-arm64-1.2.7.tgz",
      "integrity": "sha512-dT5eSMTknZaI8Djmz8KnaWM68rjZuBZwsKyF144o+ZSJM55vgiNXyL0lQYB8mX9nR3Gck+jKuGUAT2W/EF/t5Q==",
      "cpu": [
        "arm64"
      ],
      "dev": true,
      "license": "MIT",
      "optional": true,
      "os": [
        "darwin"
      ]
    },
    "node_modules/@rspack/binding-darwin-x64": {
      "version": "1.2.7",
      "resolved": "https://registry.npmjs.org/@rspack/binding-darwin-x64/-/binding-darwin-x64-1.2.7.tgz",
      "integrity": "sha512-5n8IhKBxH71d4BUIvyzTwSOAOKNneLPJwLIphSPNIbCMGjLI59/EVpxSQ/AAUfyMkqOs635NNCn0eGQVuzpI/w==",
      "cpu": [
        "x64"
      ],
      "dev": true,
      "license": "MIT",
      "optional": true,
      "os": [
        "darwin"
      ]
    },
    "node_modules/@rspack/binding-linux-arm64-gnu": {
      "version": "1.2.7",
      "resolved": "https://registry.npmjs.org/@rspack/binding-linux-arm64-gnu/-/binding-linux-arm64-gnu-1.2.7.tgz",
      "integrity": "sha512-DTtFBJmgQQrVWjbklpgJDr3kE9Uf1fHsPh+1GVslsBuyn+o4O7JslrnjuVsQCYKoiEg0Lg4ZPQmwnhJLHssZ5A==",
      "cpu": [
        "arm64"
      ],
      "dev": true,
      "license": "MIT",
      "optional": true,
      "os": [
        "linux"
      ]
    },
    "node_modules/@rspack/binding-linux-arm64-musl": {
      "version": "1.2.7",
      "resolved": "https://registry.npmjs.org/@rspack/binding-linux-arm64-musl/-/binding-linux-arm64-musl-1.2.7.tgz",
      "integrity": "sha512-01/OoQQF9eyDvRKkxj4DzCznfGZIvnzI8qOsrv+M7VBm8FLoKpb3hygXixaGQOXmNL42XTh61qjgm++fBu6aUA==",
      "cpu": [
        "arm64"
      ],
      "dev": true,
      "license": "MIT",
      "optional": true,
      "os": [
        "linux"
      ]
    },
    "node_modules/@rspack/binding-linux-x64-gnu": {
      "version": "1.2.7",
      "resolved": "https://registry.npmjs.org/@rspack/binding-linux-x64-gnu/-/binding-linux-x64-gnu-1.2.7.tgz",
      "integrity": "sha512-lUOAUq0YSsofCXsP6XnlgfH0ZRDZ2X2XqXLXYjqf4xkSxCl5eBmE0EQYjAHF4zjUvU5rVx4a4bDLWv7+t3bOHg==",
      "cpu": [
        "x64"
      ],
      "dev": true,
      "license": "MIT",
      "optional": true,
      "os": [
        "linux"
      ]
    },
    "node_modules/@rspack/binding-linux-x64-musl": {
      "version": "1.2.7",
      "resolved": "https://registry.npmjs.org/@rspack/binding-linux-x64-musl/-/binding-linux-x64-musl-1.2.7.tgz",
      "integrity": "sha512-ZrPXfgT30p4DlydYavaTHiluxHkWvZHt7K4q7qNyTfYYowG6jRGwWi/PATdugNICGv027Wsh5nzEO4o27Iuhwg==",
      "cpu": [
        "x64"
      ],
      "dev": true,
      "license": "MIT",
      "optional": true,
      "os": [
        "linux"
      ]
    },
    "node_modules/@rspack/binding-win32-arm64-msvc": {
      "version": "1.2.7",
      "resolved": "https://registry.npmjs.org/@rspack/binding-win32-arm64-msvc/-/binding-win32-arm64-msvc-1.2.7.tgz",
      "integrity": "sha512-1OzzM+OUSWX39XYcDfxJ8bGX5vNNrRejCMGotBEdP+uQ3KMWCPz0G4KRc3QIjghaLIYk3ofd83hcfUxyk/2Xog==",
      "cpu": [
        "arm64"
      ],
      "dev": true,
      "license": "MIT",
      "optional": true,
      "os": [
        "win32"
      ]
    },
    "node_modules/@rspack/binding-win32-ia32-msvc": {
      "version": "1.2.7",
      "resolved": "https://registry.npmjs.org/@rspack/binding-win32-ia32-msvc/-/binding-win32-ia32-msvc-1.2.7.tgz",
      "integrity": "sha512-VWlDCV9kDtijk9GK6ZtBQmYoVzKGpnrJB0iI3d2gIEa/2NwikJ89bLMFE4dFx8UNH3p/sSyb5pmPOQnbudFK7Q==",
      "cpu": [
        "ia32"
      ],
      "dev": true,
      "license": "MIT",
      "optional": true,
      "os": [
        "win32"
      ]
    },
    "node_modules/@rspack/binding-win32-x64-msvc": {
      "version": "1.2.7",
      "resolved": "https://registry.npmjs.org/@rspack/binding-win32-x64-msvc/-/binding-win32-x64-msvc-1.2.7.tgz",
      "integrity": "sha512-l/sTdeMsQF1a1aB79cWykDNRZG6nkUA0biJo2/sEARP3ijdr8TuwUdirp2JRDmZfQJkoJnQ2un9y9qyW+TIZzA==",
      "cpu": [
        "x64"
      ],
      "dev": true,
      "license": "MIT",
      "optional": true,
      "os": [
        "win32"
      ]
    },
    "node_modules/@rspack/core": {
      "version": "1.2.7",
      "resolved": "https://registry.npmjs.org/@rspack/core/-/core-1.2.7.tgz",
      "integrity": "sha512-Vg7ySflnqI1nNOBPd6VJkQozWADssxn3einbxa9OqDVAB+dGSj8qihTs6rlaTSewidoaYTGIAiTMHO2y+61qqQ==",
      "dev": true,
      "license": "MIT",
      "dependencies": {
        "@module-federation/runtime-tools": "0.8.4",
        "@rspack/binding": "1.2.7",
        "@rspack/lite-tapable": "1.0.1",
        "caniuse-lite": "^1.0.30001700"
      },
      "engines": {
        "node": ">=16.0.0"
      },
      "peerDependencies": {
        "@rspack/tracing": "^1.x",
        "@swc/helpers": ">=0.5.1"
      },
      "peerDependenciesMeta": {
        "@rspack/tracing": {
          "optional": true
        },
        "@swc/helpers": {
          "optional": true
        }
      }
    },
    "node_modules/@rspack/lite-tapable": {
      "version": "1.0.1",
      "resolved": "https://registry.npmjs.org/@rspack/lite-tapable/-/lite-tapable-1.0.1.tgz",
      "integrity": "sha512-VynGOEsVw2s8TAlLf/uESfrgfrq2+rcXB1muPJYBWbsm1Oa6r5qVQhjA5ggM6z/coYPrsVMgovl3Ff7Q7OCp1w==",
      "dev": true,
      "license": "MIT",
      "engines": {
        "node": ">=16.0.0"
      }
    },
    "node_modules/@rspack/plugin-react-refresh": {
      "version": "1.0.1",
      "resolved": "https://registry.npmjs.org/@rspack/plugin-react-refresh/-/plugin-react-refresh-1.0.1.tgz",
      "integrity": "sha512-KSBc3bsr3mrAPViv7w9MpE9KEWm6q87EyRXyHlRfJ9PpQ56NbX9KZ7AXo7jPeECb0q5sfpM2PSEf+syBiMgLSw==",
      "dev": true,
      "license": "MIT",
      "dependencies": {
        "error-stack-parser": "^2.1.4",
        "html-entities": "^2.5.2"
      },
      "peerDependencies": {
        "react-refresh": ">=0.10.0 <1.0.0"
      },
      "peerDependenciesMeta": {
        "react-refresh": {
          "optional": true
        }
      }
    },
    "node_modules/@swc/helpers": {
      "version": "0.5.15",
      "resolved": "https://registry.npmjs.org/@swc/helpers/-/helpers-0.5.15.tgz",
      "integrity": "sha512-JQ5TuMi45Owi4/BIMAJBoSQoOJu12oOk/gADqlcUL9JEdHB8vyjUSsxqeNXnmXHjYKMi2WcYtezGEEhqUI/E2g==",
      "dev": true,
      "license": "Apache-2.0",
      "dependencies": {
        "tslib": "^2.8.0"
      }
    },
<<<<<<<< HEAD:web-view/package-lock.json
    "node_modules/@types/node": {
      "version": "22.13.10",
      "resolved": "https://registry.npmjs.org/@types/node/-/node-22.13.10.tgz",
      "integrity": "sha512-I6LPUvlRH+O6VRUqYOcMudhaIdUVWfsjnZavnsraHvpBwaEyMN29ry+0UVJhImYL16xsscu0aske3yA+uPOWfw==",
      "dev": true,
      "license": "MIT",
      "dependencies": {
        "undici-types": "~6.20.0"
      }
    },
    "node_modules/@types/react": {
      "version": "19.0.10",
      "resolved": "https://registry.npmjs.org/@types/react/-/react-19.0.10.tgz",
      "integrity": "sha512-JuRQ9KXLEjaUNjTWpzuR231Z2WpIwczOkBEIvbHNCzQefFIT0L8IqE6NV6ULLyC1SI/i234JnDoMkfg+RjQj2g==",
      "dev": true,
      "license": "MIT",
      "dependencies": {
        "csstype": "^3.0.2"
      }
    },
    "node_modules/@types/react-dom": {
      "version": "19.0.4",
      "resolved": "https://registry.npmjs.org/@types/react-dom/-/react-dom-19.0.4.tgz",
      "integrity": "sha512-4fSQ8vWFkg+TGhePfUzVmat3eC14TXYSsiiDSLI0dVLsrm9gZFABjPy/Qu6TKgl1tq1Bu1yDsuQgY3A3DOjCcg==",
      "dev": true,
      "license": "MIT",
      "peerDependencies": {
        "@types/react": "^19.0.0"
========
    "node_modules/ansi-regex": {
      "version": "5.0.1",
      "resolved": "https://registry.npmjs.org/ansi-regex/-/ansi-regex-5.0.1.tgz",
      "integrity": "sha512-quJQXlTSUGL2LH9SUXo8VwsY4soanhgo6LNSm84E1LBcE8s3O0wpdiRzyR9z/ZZJMlMWv37qOOb9pdJlMUEKFQ==",
      "license": "MIT",
      "engines": {
        "node": ">=8"
      }
    },
    "node_modules/ansi-styles": {
      "version": "4.3.0",
      "resolved": "https://registry.npmjs.org/ansi-styles/-/ansi-styles-4.3.0.tgz",
      "integrity": "sha512-zbB9rCJAT1rbjiVDb2hqKFHNYLxgtk8NURxZ3IZwD3F6NtxbXZQCnnSi1Lkx+IDohdPlFp222wVALIheZJQSEg==",
      "license": "MIT",
      "dependencies": {
        "color-convert": "^2.0.1"
      },
      "engines": {
        "node": ">=8"
      },
      "funding": {
        "url": "https://github.com/chalk/ansi-styles?sponsor=1"
>>>>>>>> a9ccb5079f2da1e4b8f54617db239ac4d74f35b5:web/package-lock.json
      }
    },
    "node_modules/caniuse-lite": {
      "version": "1.0.30001703",
      "resolved": "https://registry.npmjs.org/caniuse-lite/-/caniuse-lite-1.0.30001703.tgz",
      "integrity": "sha512-kRlAGTRWgPsOj7oARC9m1okJEXdL/8fekFVcxA8Hl7GH4r/sN4OJn/i6Flde373T50KS7Y37oFbMwlE8+F42kQ==",
      "dev": true,
      "funding": [
        {
          "type": "opencollective",
          "url": "https://opencollective.com/browserslist"
        },
        {
          "type": "tidelift",
          "url": "https://tidelift.com/funding/github/npm/caniuse-lite"
        },
        {
          "type": "github",
          "url": "https://github.com/sponsors/ai"
        }
      ],
      "license": "CC-BY-4.0"
    },
    "node_modules/core-js": {
      "version": "3.41.0",
      "resolved": "https://registry.npmjs.org/core-js/-/core-js-3.41.0.tgz",
      "integrity": "sha512-SJ4/EHwS36QMJd6h/Rg+GyR4A5xE0FSI3eZ+iBVpfqf1x0eTSg1smWLHrA+2jQThZSh97fmSgFSU8B61nxosxA==",
      "dev": true,
      "hasInstallScript": true,
      "license": "MIT",
      "funding": {
        "type": "opencollective",
        "url": "https://opencollective.com/core-js"
      }
    },
    "node_modules/css-tree": {
      "version": "3.1.0",
      "resolved": "https://registry.npmjs.org/css-tree/-/css-tree-3.1.0.tgz",
      "integrity": "sha512-0eW44TGN5SQXU1mWSkKwFstI/22X2bG1nYzZTYMAWjylYURhse752YgbE4Cx46AC+bAvI+/dYTPRk1LqSUnu6w==",
      "license": "MIT",
      "dependencies": {
        "mdn-data": "2.12.2",
        "source-map-js": "^1.0.1"
      },
      "engines": {
        "node": "^10 || ^12.20.0 || ^14.13.0 || >=15.0.0"
      }
    },
<<<<<<<< HEAD:web-view/package-lock.json
    "node_modules/csstype": {
      "version": "3.1.3",
      "resolved": "https://registry.npmjs.org/csstype/-/csstype-3.1.3.tgz",
      "integrity": "sha512-M1uQkMl8rQK/szD0LNhtqxIPLpimGm8sOBwU7lLnCpSbTyY3yeU1Vc7l4KT5zT4s/yOxHH5O7tIuuLOCnLADRw==",
      "dev": true,
========
    "node_modules/emoji-regex": {
      "version": "8.0.0",
      "resolved": "https://registry.npmjs.org/emoji-regex/-/emoji-regex-8.0.0.tgz",
      "integrity": "sha512-MSjYzcWNOA0ewAHpz0MxpYFvwg6yjy1NG3xteoqz644VCo/RPgnr1/GGt+ic3iJTzQ8Eu3TdM14SawnVUmGE6A==",
>>>>>>>> a9ccb5079f2da1e4b8f54617db239ac4d74f35b5:web/package-lock.json
      "license": "MIT"
    },
    "node_modules/error-stack-parser": {
      "version": "2.1.4",
      "resolved": "https://registry.npmjs.org/error-stack-parser/-/error-stack-parser-2.1.4.tgz",
      "integrity": "sha512-Sk5V6wVazPhq5MhpO+AUxJn5x7XSXGl1R93Vn7i+zS15KDVxQijejNCrz8340/2bgLBjR9GtEG8ZVKONDjcqGQ==",
      "dev": true,
      "license": "MIT",
      "dependencies": {
        "stackframe": "^1.3.4"
      }
    },
    "node_modules/html-entities": {
      "version": "2.5.2",
      "resolved": "https://registry.npmjs.org/html-entities/-/html-entities-2.5.2.tgz",
      "integrity": "sha512-K//PSRMQk4FZ78Kyau+mZurHn3FH0Vwr+H36eE0rPbeYkRRi9YxceYPhuN60UwWorxyKHhqoAJl2OFKa4BVtaA==",
      "dev": true,
      "funding": [
        {
          "type": "github",
          "url": "https://github.com/sponsors/mdevils"
        },
        {
          "type": "patreon",
          "url": "https://patreon.com/mdevils"
        }
      ],
      "license": "MIT"
    },
    "node_modules/hyphenate-style-name": {
      "version": "1.1.0",
      "resolved": "https://registry.npmjs.org/hyphenate-style-name/-/hyphenate-style-name-1.1.0.tgz",
      "integrity": "sha512-WDC/ui2VVRrz3jOVi+XtjqkDjiVjTtFaAGiW37k6b+ohyQ5wYDOGkvCZa8+H0nx3gyvv0+BST9xuOgIyGQ00gw==",
      "license": "BSD-3-Clause"
    },
    "node_modules/isomorphic-rslog": {
      "version": "0.0.6",
      "resolved": "https://registry.npmjs.org/isomorphic-rslog/-/isomorphic-rslog-0.0.6.tgz",
      "integrity": "sha512-HM0q6XqQ93psDlqvuViNs/Ea3hAyGDkIdVAHlrEocjjAwGrs1fZ+EdQjS9eUPacnYB7Y8SoDdSY3H8p3ce205A==",
      "dev": true,
      "license": "MIT",
      "engines": {
        "node": ">=14.17.6"
      }
    },
    "node_modules/jiti": {
      "version": "2.4.2",
      "resolved": "https://registry.npmjs.org/jiti/-/jiti-2.4.2.tgz",
      "integrity": "sha512-rg9zJN+G4n2nfJl5MW3BMygZX56zKPNVEYYqq7adpmMh4Jn2QNEwhvQlFy6jPVdcod7txZtKHWnyZiA3a0zP7A==",
      "dev": true,
      "license": "MIT",
      "bin": {
        "jiti": "lib/jiti-cli.mjs"
      }
    },
    "node_modules/mdn-data": {
      "version": "2.12.2",
      "resolved": "https://registry.npmjs.org/mdn-data/-/mdn-data-2.12.2.tgz",
      "integrity": "sha512-IEn+pegP1aManZuckezWCO+XZQDplx1366JoVhTpMpBB1sPey/SbveZQUosKiKiGYjg1wH4pMlNgXbCiYgihQA==",
      "license": "CC0-1.0"
    },
    "node_modules/react-refresh": {
      "version": "0.16.0",
      "resolved": "https://registry.npmjs.org/react-refresh/-/react-refresh-0.16.0.tgz",
      "integrity": "sha512-FPvF2XxTSikpJxcr+bHut2H4gJ17+18Uy20D5/F+SKzFap62R3cM5wH6b8WN3LyGSYeQilLEcJcR1fjBSI2S1A==",
      "dev": true,
      "license": "MIT",
      "engines": {
        "node": ">=0.10.0"
      }
    },
<<<<<<<< HEAD:web-view/package-lock.json
    "node_modules/scheduler": {
      "version": "0.25.0",
      "resolved": "https://registry.npmjs.org/scheduler/-/scheduler-0.25.0.tgz",
      "integrity": "sha512-xFVuu11jh+xcO7JOAGJNOXld8/TcEHK/4CituBUeUb5hqxJLj9YuemAEuvm9gQ/+pgXYfbQuqAkiYu+u7YEsNA==",
      "license": "MIT"
========
    "node_modules/require-directory": {
      "version": "2.1.1",
      "resolved": "https://registry.npmjs.org/require-directory/-/require-directory-2.1.1.tgz",
      "integrity": "sha512-fGxEI7+wsG9xrvdjsrlmL22OMTTiHRwAMroiEeMgq8gzoLC/PQr7RsRDSTLUg/bZAZtF+TVIkHc6/4RIKrui+Q==",
      "license": "MIT",
      "engines": {
        "node": ">=0.10.0"
      }
    },
    "node_modules/rxjs": {
      "version": "7.8.2",
      "resolved": "https://registry.npmjs.org/rxjs/-/rxjs-7.8.2.tgz",
      "integrity": "sha512-dhKf903U/PQZY6boNNtAGdWbG85WAbjT/1xYoZIC7FAY0yWapOBQVsVrDl58W86//e1VpMNBtRV4MaXfdMySFA==",
      "license": "Apache-2.0",
      "dependencies": {
        "tslib": "^2.1.0"
      }
    },
    "node_modules/shell-quote": {
      "version": "1.8.2",
      "resolved": "https://registry.npmjs.org/shell-quote/-/shell-quote-1.8.2.tgz",
      "integrity": "sha512-AzqKpGKjrj7EM6rKVQEPpB288oCfnrEIuyoT9cyF4nmGa7V8Zk6f7RRqYisX8X9m+Q7bd632aZW4ky7EhbQztA==",
      "license": "MIT",
      "engines": {
        "node": ">= 0.4"
      },
      "funding": {
        "url": "https://github.com/sponsors/ljharb"
      }
>>>>>>>> a9ccb5079f2da1e4b8f54617db239ac4d74f35b5:web/package-lock.json
    },
    "node_modules/source-map-js": {
      "version": "1.2.1",
      "resolved": "https://registry.npmjs.org/source-map-js/-/source-map-js-1.2.1.tgz",
      "integrity": "sha512-UXWMKhLOwVKb728IUtQPXxfYU+usdybtUrK/8uGE8CQMvrhOpwvzDBwj0QhSL7MQc7vIsISBG8VQ8+IDQxpfQA==",
      "license": "BSD-3-Clause",
      "engines": {
        "node": ">=0.10.0"
      }
    },
    "node_modules/stackframe": {
      "version": "1.3.4",
      "resolved": "https://registry.npmjs.org/stackframe/-/stackframe-1.3.4.tgz",
      "integrity": "sha512-oeVtt7eWQS+Na6F//S4kJ2K2VbRlS9D43mAlMyVpVWovy9o+jfgH8O9agzANzaiLjclA0oYzUXEM4PurhSUChw==",
      "dev": true,
      "license": "MIT"
    },
    "node_modules/tslib": {
      "version": "2.8.1",
      "resolved": "https://registry.npmjs.org/tslib/-/tslib-2.8.1.tgz",
      "integrity": "sha512-oJFu94HQb+KVduSUQL7wnpmqnfmLsOA/nAh6b6EH0wCEoK0/mPeXU6c3wKDV83MkOuHPRHtSXKKU99IBazS/2w==",
      "license": "0BSD"
    },
    "node_modules/typescript": {
      "version": "5.8.2",
      "resolved": "https://registry.npmjs.org/typescript/-/typescript-5.8.2.tgz",
      "integrity": "sha512-aJn6wq13/afZp/jT9QZmwEjDqqvSGp1VT5GVg+f/t6/oVyrgXM6BY1h9BRh/O5p3PlUPAe+WuiEZOmb/49RqoQ==",
      "dev": true,
      "license": "Apache-2.0",
      "bin": {
        "tsc": "bin/tsc",
        "tsserver": "bin/tsserver"
      },
      "engines": {
        "node": ">=14.17"
      }
    },
    "node_modules/undici-types": {
      "version": "6.20.0",
      "resolved": "https://registry.npmjs.org/undici-types/-/undici-types-6.20.0.tgz",
      "integrity": "sha512-Ny6QZ2Nju20vw1SRHe3d9jVu6gJ+4e3+MMpqu7pqE5HT6WsTSlce++GQmK5UXS8mzV8DSYHrQH+Xrf2jVcuKNg==",
      "dev": true,
      "license": "MIT"
    }
  }
}
